# This file is automatically @generated by Poetry and should not be changed by hand.

[[package]]
name = "altgraph"
version = "0.17.3"
description = "Python graph (network) package"
category = "dev"
optional = false
python-versions = "*"
files = [
    {file = "altgraph-0.17.3-py2.py3-none-any.whl", hash = "sha256:c8ac1ca6772207179ed8003ce7687757c04b0b71536f81e2ac5755c6226458fe"},
    {file = "altgraph-0.17.3.tar.gz", hash = "sha256:ad33358114df7c9416cdb8fa1eaa5852166c505118717021c6a8c7c7abbd03dd"},
]

[[package]]
name = "autopep8"
version = "1.7.0"
description = "A tool that automatically formats Python code to conform to the PEP 8 style guide"
category = "dev"
optional = false
python-versions = "*"
files = [
    {file = "autopep8-1.7.0-py2.py3-none-any.whl", hash = "sha256:6f09e90a2be784317e84dc1add17ebfc7abe3924239957a37e5040e27d812087"},
    {file = "autopep8-1.7.0.tar.gz", hash = "sha256:ca9b1a83e53a7fad65d731dc7a2a2d50aa48f43850407c59f6a1a306c4201142"},
]

[package.dependencies]
pycodestyle = ">=2.9.1"
toml = "*"

[[package]]
name = "macholib"
version = "1.16.2"
description = "Mach-O header analysis and editing"
category = "dev"
optional = false
python-versions = "*"
files = [
    {file = "macholib-1.16.2-py2.py3-none-any.whl", hash = "sha256:44c40f2cd7d6726af8fa6fe22549178d3a4dfecc35a9cd15ea916d9c83a688e0"},
    {file = "macholib-1.16.2.tar.gz", hash = "sha256:557bbfa1bb255c20e9abafe7ed6cd8046b48d9525db2f9b77d3122a63a2a8bf8"},
]

[package.dependencies]
altgraph = ">=0.17"

[[package]]
name = "pefile"
version = "2023.2.7"
description = "Python PE parsing module"
category = "dev"
optional = false
python-versions = ">=3.6.0"
files = [
    {file = "pefile-2023.2.7-py3-none-any.whl", hash = "sha256:da185cd2af68c08a6cd4481f7325ed600a88f6a813bad9dea07ab3ef73d8d8d6"},
    {file = "pefile-2023.2.7.tar.gz", hash = "sha256:82e6114004b3d6911c77c3953e3838654b04511b8b66e8583db70c65998017dc"},
]

[[package]]
name = "pycodestyle"
version = "2.10.0"
description = "Python style guide checker"
category = "dev"
optional = false
python-versions = ">=3.6"
files = [
    {file = "pycodestyle-2.10.0-py2.py3-none-any.whl", hash = "sha256:8a4eaf0d0495c7395bdab3589ac2db602797d76207242c17d470186815706610"},
    {file = "pycodestyle-2.10.0.tar.gz", hash = "sha256:347187bdb476329d98f695c213d7295a846d1152ff4fe9bacb8a9590b8ee7053"},
]

[[package]]
name = "pyinstaller"
version = "5.9.0"
description = "PyInstaller bundles a Python application and all its dependencies into a single package."
category = "dev"
optional = false
python-versions = "<3.12,>=3.7"
files = [
    {file = "pyinstaller-5.9.0-py3-none-macosx_10_13_universal2.whl", hash = "sha256:93d7e8443a6b60745d42aa50f08730f6b419410832b4c616c4f1bb315f087661"},
    {file = "pyinstaller-5.9.0-py3-none-manylinux2014_aarch64.whl", hash = "sha256:3b2c34c3c3ddf38f68d9f5afbed82abe0f89d53014c56892326fef10172ee652"},
    {file = "pyinstaller-5.9.0-py3-none-manylinux2014_i686.whl", hash = "sha256:dcd348b174fd72c4df271790ac582969c9423cb099fe92db9ec131a8a9243d5a"},
    {file = "pyinstaller-5.9.0-py3-none-manylinux2014_ppc64le.whl", hash = "sha256:4b21b0298db44f5f07fc04d8ff81ec31efa47b72798efaecc4e811c50a102111"},
    {file = "pyinstaller-5.9.0-py3-none-manylinux2014_s390x.whl", hash = "sha256:12ca6567be457826e14416637ea54485a185d0ce7a5a044df0d0daf588fff6d1"},
    {file = "pyinstaller-5.9.0-py3-none-manylinux2014_x86_64.whl", hash = "sha256:c7dd156c2438f197c168b990bbce03c97d3fb758dd9bbc3ca93626c2f4473a47"},
    {file = "pyinstaller-5.9.0-py3-none-musllinux_1_1_aarch64.whl", hash = "sha256:2ba42038b3bd83e1fba7c8eb9e7cde43bd5938e37ca542c89e8779355d213f52"},
    {file = "pyinstaller-5.9.0-py3-none-musllinux_1_1_x86_64.whl", hash = "sha256:d1ff94347183ae3755cfb8f02e64744eb7fe384469bd61e453c6ff59a81665d6"},
    {file = "pyinstaller-5.9.0-py3-none-win32.whl", hash = "sha256:8476538aec8a0a3be4f74b93388bd6989b91cc437ff86d6f0d3a68961176dce6"},
    {file = "pyinstaller-5.9.0-py3-none-win_amd64.whl", hash = "sha256:e7a4c292810285c2466f3bdcb1e03ba2170177ebe3d7054ff1af3bb348bf61a4"},
    {file = "pyinstaller-5.9.0-py3-none-win_arm64.whl", hash = "sha256:6cf6c032c72ef78fd9aa5e47d8952e784db45b2c3f7862bd44a99df68c216f64"},
    {file = "pyinstaller-5.9.0.tar.gz", hash = "sha256:2bde16a8d664e8eba9aa7b84f729f7ab005c1793be4fe1986b3c9cad6c486622"},
]

[package.dependencies]
altgraph = "*"
macholib = {version = ">=1.8", markers = "sys_platform == \"darwin\""}
pefile = {version = ">=2022.5.30", markers = "sys_platform == \"win32\""}
pyinstaller-hooks-contrib = ">=2021.4"
pywin32-ctypes = {version = ">=0.2.0", markers = "sys_platform == \"win32\""}
setuptools = ">=42.0.0"

[package.extras]
encryption = ["tinyaes (>=1.0.0)"]
hook-testing = ["execnet (>=1.5.0)", "psutil", "pytest (>=2.7.3)"]

[[package]]
name = "pyinstaller-hooks-contrib"
version = "2023.1"
description = "Community maintained hooks for PyInstaller"
category = "dev"
optional = false
python-versions = ">=3.7"
files = [
    {file = "pyinstaller-hooks-contrib-2023.1.tar.gz", hash = "sha256:ab56c192e7cd4472ff6b840cda4fc42bceccc7fb4234f064fc834a3248c0afdd"},
    {file = "pyinstaller_hooks_contrib-2023.1-py2.py3-none-any.whl", hash = "sha256:d2ea40a7105651aa525bfe5fe309aa264d4d9bb49f839b862243dcf0a56c34cd"},
]

[[package]]
name = "pyside6"
version = "6.4.3"
description = "Python bindings for the Qt cross-platform application and UI framework"
category = "main"
optional = false
python-versions = "<3.12,>=3.7"
files = [
    {file = "PySide6-6.4.3-cp37-abi3-macosx_10_9_universal2.whl", hash = "sha256:1389e818ecf794b52b570e4617c0813865fd9a790ee077fedabbd8aac6da7416"},
    {file = "PySide6-6.4.3-cp37-abi3-manylinux_2_28_x86_64.whl", hash = "sha256:706324dd7a16854073c3b08de608f9ced868d567b8b202a88b7b9985f54ef30c"},
    {file = "PySide6-6.4.3-cp37-abi3-win_amd64.whl", hash = "sha256:1c1c7e6fb8e2d0fe041e278beefdb033c364e67867565f824d4dc40352906f42"},
    {file = "PySide6-6.4.3-pp39-pypy39_pp73-macosx_10_9_universal2.whl", hash = "sha256:73883c13bc44221507abc2b3d6a7bebbf0e067844f7d0a6e16b2df177aab89d8"},
    {file = "PySide6-6.4.3-pp39-pypy39_pp73-manylinux_2_28_x86_64.whl", hash = "sha256:bc37b7790ca69b0813b86d3c70c39db740a0d15dc1fc7dbb8e6a0499a96c6461"},
    {file = "PySide6-6.4.3-pp39-pypy39_pp73-win_amd64.whl", hash = "sha256:137831ed89f79ff8c68d21457abbee82f61dedacc19bbefc8eb7d80da1703aad"},
]

[package.dependencies]
PySide6-Addons = "6.4.3"
PySide6-Essentials = "6.4.3"
shiboken6 = "6.4.3"

[[package]]
name = "pyside6-addons"
version = "6.4.3"
description = "Python bindings for the Qt cross-platform application and UI framework (Addons)"
category = "main"
optional = false
python-versions = "<3.12,>=3.7"
files = [
    {file = "PySide6_Addons-6.4.3-cp37-abi3-macosx_10_9_universal2.whl", hash = "sha256:60781372ccf9f9cbc2a1aa7a41318111c92850f2434dbfbf6fa215a89681de1e"},
    {file = "PySide6_Addons-6.4.3-cp37-abi3-manylinux_2_28_x86_64.whl", hash = "sha256:062593d7810bb53e51c1268b8cba23e47e4600afba0e981a26b57ff05617b1c6"},
    {file = "PySide6_Addons-6.4.3-cp37-abi3-win_amd64.whl", hash = "sha256:493527ed86ee903e496f761da66edc7c237e12a8465d62075fe206b2874585e8"},
    {file = "PySide6_Addons-6.4.3-pp39-pypy39_pp73-macosx_10_9_universal2.whl", hash = "sha256:b95e6a98b1a71aaa2bc97e4a6a4e18e78d6141ff161eff598a3b85850eaacd4a"},
    {file = "PySide6_Addons-6.4.3-pp39-pypy39_pp73-manylinux_2_28_x86_64.whl", hash = "sha256:9d9a607b7c233077f907baa326f55759427a3ae47efff0ca19e72007778e15e1"},
    {file = "PySide6_Addons-6.4.3-pp39-pypy39_pp73-win_amd64.whl", hash = "sha256:4e0d0ab705a481e7b4714f06b3648818a0ef80404ea976becea43a13280cc7f3"},
]

[package.dependencies]
PySide6-Essentials = "6.4.3"
shiboken6 = "6.4.3"

[[package]]
name = "pyside6-essentials"
version = "6.4.3"
description = "Python bindings for the Qt cross-platform application and UI framework (Essentials)"
category = "main"
optional = false
python-versions = "<3.12,>=3.7"
files = [
    {file = "PySide6_Essentials-6.4.3-cp37-abi3-macosx_10_9_universal2.whl", hash = "sha256:62f7f80e99eaaa3b3f7014170bf01c2fa2e76955805f24c443630abc10793abb"},
    {file = "PySide6_Essentials-6.4.3-cp37-abi3-manylinux_2_28_x86_64.whl", hash = "sha256:7983cf2152dfebf3c2d0767d12e452c4bd0809aa53777fef949a7ff4b0ef8a49"},
    {file = "PySide6_Essentials-6.4.3-cp37-abi3-win_amd64.whl", hash = "sha256:9e1964de12b6ea351c69032a6e15dcc29f48d561dfd579e67adc15bad3be1d45"},
    {file = "PySide6_Essentials-6.4.3-pp39-pypy39_pp73-macosx_10_9_universal2.whl", hash = "sha256:c41cbef7a25c67da11b6f6281e60f59c21a198c1da471821e43963e1b8f196f7"},
    {file = "PySide6_Essentials-6.4.3-pp39-pypy39_pp73-manylinux_2_28_x86_64.whl", hash = "sha256:c07e5c425b8720fe8ecdbd46f36d7ab90ffbe27ac0258fea326dcf153484b3c7"},
    {file = "PySide6_Essentials-6.4.3-pp39-pypy39_pp73-win_amd64.whl", hash = "sha256:cadd2197f534f7ff55c7718ce50c61ab6d13270449dfde8e27f46b9500b9fe56"},
]

[package.dependencies]
shiboken6 = "6.4.3"

[[package]]
name = "pywin32-ctypes"
version = "0.2.0"
description = ""
category = "dev"
optional = false
python-versions = "*"
files = [
    {file = "pywin32-ctypes-0.2.0.tar.gz", hash = "sha256:24ffc3b341d457d48e8922352130cf2644024a4ff09762a2261fd34c36ee5942"},
    {file = "pywin32_ctypes-0.2.0-py2.py3-none-any.whl", hash = "sha256:9dc2d991b3479cc2df15930958b674a48a227d5361d413827a4cfd0b5876fc98"},
]

[[package]]
name = "setuptools"
version = "67.6.0"
description = "Easily download, build, install, upgrade, and uninstall Python packages"
category = "dev"
optional = false
python-versions = ">=3.7"
files = [
    {file = "setuptools-67.6.0-py3-none-any.whl", hash = "sha256:b78aaa36f6b90a074c1fa651168723acbf45d14cb1196b6f02c0fd07f17623b2"},
    {file = "setuptools-67.6.0.tar.gz", hash = "sha256:2ee892cd5f29f3373097f5a814697e397cf3ce313616df0af11231e2ad118077"},
]

[package.extras]
docs = ["furo", "jaraco.packaging (>=9)", "jaraco.tidelift (>=1.4)", "pygments-github-lexers (==0.0.5)", "rst.linker (>=1.9)", "sphinx (>=3.5)", "sphinx-favicon", "sphinx-hoverxref (<2)", "sphinx-inline-tabs", "sphinx-lint", "sphinx-notfound-page (==0.8.3)", "sphinx-reredirects", "sphinxcontrib-towncrier"]
testing = ["build[virtualenv]", "filelock (>=3.4.0)", "flake8 (<5)", "flake8-2020", "ini2toml[lite] (>=0.9)", "jaraco.envs (>=2.2)", "jaraco.path (>=3.2.0)", "pip (>=19.1)", "pip-run (>=8.8)", "pytest (>=6)", "pytest-black (>=0.3.7)", "pytest-checkdocs (>=2.4)", "pytest-cov", "pytest-enabler (>=1.3)", "pytest-flake8", "pytest-mypy (>=0.9.1)", "pytest-perf", "pytest-timeout", "pytest-xdist", "tomli-w (>=1.0.0)", "virtualenv (>=13.0.0)", "wheel"]
testing-integration = ["build[virtualenv]", "filelock (>=3.4.0)", "jaraco.envs (>=2.2)", "jaraco.path (>=3.2.0)", "pytest", "pytest-enabler", "pytest-xdist", "tomli", "virtualenv (>=13.0.0)", "wheel"]

[[package]]
name = "shiboken6"
version = "6.4.3"
description = "Python/C++ bindings helper module"
category = "main"
optional = false
python-versions = "<3.12,>=3.7"
files = [
    {file = "shiboken6-6.4.3-cp37-abi3-macosx_10_9_universal2.whl", hash = "sha256:0b6d6a571131b94546aa784dc00221ba7afc90515354eaae65525753a84b6c4a"},
    {file = "shiboken6-6.4.3-cp37-abi3-manylinux_2_28_x86_64.whl", hash = "sha256:74570273004d2e481e55618150dfaee7ae253027b438066e216b339fae1e999a"},
    {file = "shiboken6-6.4.3-cp37-abi3-win_amd64.whl", hash = "sha256:0fee602ba02a0d1a6e4d4a69ddc5375ec7bed2ac5b51f06266a919d896517ee5"},
    {file = "shiboken6-6.4.3-pp39-pypy39_pp73-macosx_10_9_universal2.whl", hash = "sha256:6504ed8b01bde387cebc035687deae77a0bddcef3339e2e5b0e5bf9e6258e860"},
    {file = "shiboken6-6.4.3-pp39-pypy39_pp73-manylinux_2_28_x86_64.whl", hash = "sha256:73af15fa9f6b7305849116308923d437354ecabefc0546dc514901ec3bae4d89"},
    {file = "shiboken6-6.4.3-pp39-pypy39_pp73-win_amd64.whl", hash = "sha256:4a63978b1a4ffed32776413a213a0f4e0a7fde2ebe06ac2ac70f99103fed185b"},
]

[[package]]
name = "toml"
version = "0.10.2"
description = "Python Library for Tom's Obvious, Minimal Language"
category = "dev"
optional = false
python-versions = ">=2.6, !=3.0.*, !=3.1.*, !=3.2.*"
files = [
    {file = "toml-0.10.2-py2.py3-none-any.whl", hash = "sha256:806143ae5bfb6a3c6e736a764057db0e6a0e05e338b5630894a5f779cabb4f9b"},
    {file = "toml-0.10.2.tar.gz", hash = "sha256:b3bda1d108d5dd99f4a20d24d9c348e91c4db7ab1b749200bded2f839ccbe68f"},
]

[metadata]
lock-version = "2.0"
python-versions = ">=3.8,<3.11"
content-hash = "c30cc8f0eb88c9c55cb6d6ade1142ec976e933c7c6ba668ff95aa9015dfe2fe9"
